// !$*UTF8*$!
{
	archiveVersion = 1;
	classes = {
	};
	objectVersion = 52;
	objects = {

/* Begin PBXBuildFile section */
		07F79B5DEA358F94F09B348B /* Pods_ParstagramTests.framework in Frameworks */ = {isa = PBXBuildFile; fileRef = E028756970D983AFC83F2801 /* Pods_ParstagramTests.framework */; };
		6D13C1A92722862B00099029 /* AppDelegate.swift in Sources */ = {isa = PBXBuildFile; fileRef = 6D13C1A82722862B00099029 /* AppDelegate.swift */; };
		6D13C1AB2722862B00099029 /* SceneDelegate.swift in Sources */ = {isa = PBXBuildFile; fileRef = 6D13C1AA2722862B00099029 /* SceneDelegate.swift */; };
		6D13C1B02722862B00099029 /* Main.storyboard in Resources */ = {isa = PBXBuildFile; fileRef = 6D13C1AE2722862B00099029 /* Main.storyboard */; };
		6D13C1B22722862D00099029 /* Assets.xcassets in Resources */ = {isa = PBXBuildFile; fileRef = 6D13C1B12722862D00099029 /* Assets.xcassets */; };
		6D13C1B52722862D00099029 /* LaunchScreen.storyboard in Resources */ = {isa = PBXBuildFile; fileRef = 6D13C1B32722862D00099029 /* LaunchScreen.storyboard */; };
		6D13C1C02722862D00099029 /* ParstagramTests.swift in Sources */ = {isa = PBXBuildFile; fileRef = 6D13C1BF2722862D00099029 /* ParstagramTests.swift */; };
		6D13C1CB2722862D00099029 /* ParstagramUITests.swift in Sources */ = {isa = PBXBuildFile; fileRef = 6D13C1CA2722862D00099029 /* ParstagramUITests.swift */; };
		6DB7B816272320230091F841 /* LoginViewController.swift in Sources */ = {isa = PBXBuildFile; fileRef = 6DB7B815272320230091F841 /* LoginViewController.swift */; };
		6DB7B8182723203E0091F841 /* FeedViewController.swift in Sources */ = {isa = PBXBuildFile; fileRef = 6DB7B8172723203E0091F841 /* FeedViewController.swift */; };
		6DB7B81A2723633C0091F841 /* CameraViewController.swift in Sources */ = {isa = PBXBuildFile; fileRef = 6DB7B8192723633C0091F841 /* CameraViewController.swift */; };
		6DB7B81D272369AF0091F841 /* AlamofireImage in Frameworks */ = {isa = PBXBuildFile; productRef = 6DB7B81C272369AF0091F841 /* AlamofireImage */; };
		6DB7B81F2723732A0091F841 /* PostCell.swift in Sources */ = {isa = PBXBuildFile; fileRef = 6DB7B81E2723732A0091F841 /* PostCell.swift */; };
		D6DB9F7D0A7AEAFAA462EE3D /* Pods_Parstagram.framework in Frameworks */ = {isa = PBXBuildFile; fileRef = 354A339CB2292DFFB23AA422 /* Pods_Parstagram.framework */; };
		E1603198DBD920B755DF957C /* Pods_Parstagram_ParstagramUITests.framework in Frameworks */ = {isa = PBXBuildFile; fileRef = CFA4CA0E623708B5B99E3D84 /* Pods_Parstagram_ParstagramUITests.framework */; };
/* End PBXBuildFile section */

/* Begin PBXContainerItemProxy section */
		6D13C1BC2722862D00099029 /* PBXContainerItemProxy */ = {
			isa = PBXContainerItemProxy;
			containerPortal = 6D13C19D2722862B00099029 /* Project object */;
			proxyType = 1;
			remoteGlobalIDString = 6D13C1A42722862B00099029;
			remoteInfo = Parstagram;
		};
		6D13C1C72722862D00099029 /* PBXContainerItemProxy */ = {
			isa = PBXContainerItemProxy;
			containerPortal = 6D13C19D2722862B00099029 /* Project object */;
			proxyType = 1;
			remoteGlobalIDString = 6D13C1A42722862B00099029;
			remoteInfo = Parstagram;
		};
/* End PBXContainerItemProxy section */

/* Begin PBXFileReference section */
		001CE413B853E188208CEE0A /* Pods-ParstagramTests.debug.xcconfig */ = {isa = PBXFileReference; includeInIndex = 1; lastKnownFileType = text.xcconfig; name = "Pods-ParstagramTests.debug.xcconfig"; path = "Target Support Files/Pods-ParstagramTests/Pods-ParstagramTests.debug.xcconfig"; sourceTree = "<group>"; };
		32E07299CFF46618A8CD4886 /* Pods-ParstagramTests.release.xcconfig */ = {isa = PBXFileReference; includeInIndex = 1; lastKnownFileType = text.xcconfig; name = "Pods-ParstagramTests.release.xcconfig"; path = "Target Support Files/Pods-ParstagramTests/Pods-ParstagramTests.release.xcconfig"; sourceTree = "<group>"; };
		34793CEA73B1DDB8F839AEE8 /* Pods-Parstagram.release.xcconfig */ = {isa = PBXFileReference; includeInIndex = 1; lastKnownFileType = text.xcconfig; name = "Pods-Parstagram.release.xcconfig"; path = "Target Support Files/Pods-Parstagram/Pods-Parstagram.release.xcconfig"; sourceTree = "<group>"; };
		354A339CB2292DFFB23AA422 /* Pods_Parstagram.framework */ = {isa = PBXFileReference; explicitFileType = wrapper.framework; includeInIndex = 0; path = Pods_Parstagram.framework; sourceTree = BUILT_PRODUCTS_DIR; };
		5F2D1EF5D8E9A48FD33C5374 /* Pods-Parstagram.debug.xcconfig */ = {isa = PBXFileReference; includeInIndex = 1; lastKnownFileType = text.xcconfig; name = "Pods-Parstagram.debug.xcconfig"; path = "Target Support Files/Pods-Parstagram/Pods-Parstagram.debug.xcconfig"; sourceTree = "<group>"; };
		692DD2406EF8999854D06C04 /* Pods-Parstagram-ParstagramUITests.release.xcconfig */ = {isa = PBXFileReference; includeInIndex = 1; lastKnownFileType = text.xcconfig; name = "Pods-Parstagram-ParstagramUITests.release.xcconfig"; path = "Target Support Files/Pods-Parstagram-ParstagramUITests/Pods-Parstagram-ParstagramUITests.release.xcconfig"; sourceTree = "<group>"; };
		6D13C1A52722862B00099029 /* Parstagram.app */ = {isa = PBXFileReference; explicitFileType = wrapper.application; includeInIndex = 0; path = Parstagram.app; sourceTree = BUILT_PRODUCTS_DIR; };
		6D13C1A82722862B00099029 /* AppDelegate.swift */ = {isa = PBXFileReference; lastKnownFileType = sourcecode.swift; path = AppDelegate.swift; sourceTree = "<group>"; };
		6D13C1AA2722862B00099029 /* SceneDelegate.swift */ = {isa = PBXFileReference; lastKnownFileType = sourcecode.swift; path = SceneDelegate.swift; sourceTree = "<group>"; };
		6D13C1AF2722862B00099029 /* Base */ = {isa = PBXFileReference; lastKnownFileType = file.storyboard; name = Base; path = Base.lproj/Main.storyboard; sourceTree = "<group>"; };
		6D13C1B12722862D00099029 /* Assets.xcassets */ = {isa = PBXFileReference; lastKnownFileType = folder.assetcatalog; path = Assets.xcassets; sourceTree = "<group>"; };
		6D13C1B42722862D00099029 /* Base */ = {isa = PBXFileReference; lastKnownFileType = file.storyboard; name = Base; path = Base.lproj/LaunchScreen.storyboard; sourceTree = "<group>"; };
		6D13C1B62722862D00099029 /* Info.plist */ = {isa = PBXFileReference; lastKnownFileType = text.plist.xml; path = Info.plist; sourceTree = "<group>"; };
		6D13C1BB2722862D00099029 /* ParstagramTests.xctest */ = {isa = PBXFileReference; explicitFileType = wrapper.cfbundle; includeInIndex = 0; path = ParstagramTests.xctest; sourceTree = BUILT_PRODUCTS_DIR; };
		6D13C1BF2722862D00099029 /* ParstagramTests.swift */ = {isa = PBXFileReference; lastKnownFileType = sourcecode.swift; path = ParstagramTests.swift; sourceTree = "<group>"; };
		6D13C1C12722862D00099029 /* Info.plist */ = {isa = PBXFileReference; lastKnownFileType = text.plist.xml; path = Info.plist; sourceTree = "<group>"; };
		6D13C1C62722862D00099029 /* ParstagramUITests.xctest */ = {isa = PBXFileReference; explicitFileType = wrapper.cfbundle; includeInIndex = 0; path = ParstagramUITests.xctest; sourceTree = BUILT_PRODUCTS_DIR; };
		6D13C1CA2722862D00099029 /* ParstagramUITests.swift */ = {isa = PBXFileReference; lastKnownFileType = sourcecode.swift; path = ParstagramUITests.swift; sourceTree = "<group>"; };
		6D13C1CC2722862D00099029 /* Info.plist */ = {isa = PBXFileReference; lastKnownFileType = text.plist.xml; path = Info.plist; sourceTree = "<group>"; };
		6DB7B815272320230091F841 /* LoginViewController.swift */ = {isa = PBXFileReference; lastKnownFileType = sourcecode.swift; path = LoginViewController.swift; sourceTree = "<group>"; };
		6DB7B8172723203E0091F841 /* FeedViewController.swift */ = {isa = PBXFileReference; lastKnownFileType = sourcecode.swift; path = FeedViewController.swift; sourceTree = "<group>"; };
		6DB7B8192723633C0091F841 /* CameraViewController.swift */ = {isa = PBXFileReference; lastKnownFileType = sourcecode.swift; path = CameraViewController.swift; sourceTree = "<group>"; };
		6DB7B81E2723732A0091F841 /* PostCell.swift */ = {isa = PBXFileReference; lastKnownFileType = sourcecode.swift; path = PostCell.swift; sourceTree = "<group>"; };
		B0DC678B3E63630411628E1E /* Pods-Parstagram-ParstagramUITests.debug.xcconfig */ = {isa = PBXFileReference; includeInIndex = 1; lastKnownFileType = text.xcconfig; name = "Pods-Parstagram-ParstagramUITests.debug.xcconfig"; path = "Target Support Files/Pods-Parstagram-ParstagramUITests/Pods-Parstagram-ParstagramUITests.debug.xcconfig"; sourceTree = "<group>"; };
		CFA4CA0E623708B5B99E3D84 /* Pods_Parstagram_ParstagramUITests.framework */ = {isa = PBXFileReference; explicitFileType = wrapper.framework; includeInIndex = 0; path = Pods_Parstagram_ParstagramUITests.framework; sourceTree = BUILT_PRODUCTS_DIR; };
		E028756970D983AFC83F2801 /* Pods_ParstagramTests.framework */ = {isa = PBXFileReference; explicitFileType = wrapper.framework; includeInIndex = 0; path = Pods_ParstagramTests.framework; sourceTree = BUILT_PRODUCTS_DIR; };
/* End PBXFileReference section */

/* Begin PBXFrameworksBuildPhase section */
		6D13C1A22722862B00099029 /* Frameworks */ = {
			isa = PBXFrameworksBuildPhase;
			buildActionMask = 2147483647;
			files = (
				D6DB9F7D0A7AEAFAA462EE3D /* Pods_Parstagram.framework in Frameworks */,
				6DB7B81D272369AF0091F841 /* AlamofireImage in Frameworks */,
			);
			runOnlyForDeploymentPostprocessing = 0;
		};
		6D13C1B82722862D00099029 /* Frameworks */ = {
			isa = PBXFrameworksBuildPhase;
			buildActionMask = 2147483647;
			files = (
				07F79B5DEA358F94F09B348B /* Pods_ParstagramTests.framework in Frameworks */,
			);
			runOnlyForDeploymentPostprocessing = 0;
		};
		6D13C1C32722862D00099029 /* Frameworks */ = {
			isa = PBXFrameworksBuildPhase;
			buildActionMask = 2147483647;
			files = (
				E1603198DBD920B755DF957C /* Pods_Parstagram_ParstagramUITests.framework in Frameworks */,
			);
			runOnlyForDeploymentPostprocessing = 0;
		};
/* End PBXFrameworksBuildPhase section */

/* Begin PBXGroup section */
		5D00821C78FCD654AFA8AF63 /* Frameworks */ = {
			isa = PBXGroup;
			children = (
				354A339CB2292DFFB23AA422 /* Pods_Parstagram.framework */,
				CFA4CA0E623708B5B99E3D84 /* Pods_Parstagram_ParstagramUITests.framework */,
				E028756970D983AFC83F2801 /* Pods_ParstagramTests.framework */,
			);
			name = Frameworks;
			sourceTree = "<group>";
		};
		6D13C19C2722862B00099029 = {
			isa = PBXGroup;
			children = (
				6D13C1A72722862B00099029 /* Parstagram */,
				6D13C1BE2722862D00099029 /* ParstagramTests */,
				6D13C1C92722862D00099029 /* ParstagramUITests */,
				6D13C1A62722862B00099029 /* Products */,
				F8AECAE859FA233B0407E617 /* Pods */,
				5D00821C78FCD654AFA8AF63 /* Frameworks */,
			);
			sourceTree = "<group>";
		};
		6D13C1A62722862B00099029 /* Products */ = {
			isa = PBXGroup;
			children = (
				6D13C1A52722862B00099029 /* Parstagram.app */,
				6D13C1BB2722862D00099029 /* ParstagramTests.xctest */,
				6D13C1C62722862D00099029 /* ParstagramUITests.xctest */,
			);
			name = Products;
			sourceTree = "<group>";
		};
		6D13C1A72722862B00099029 /* Parstagram */ = {
			isa = PBXGroup;
			children = (
				6D13C1A82722862B00099029 /* AppDelegate.swift */,
				6D13C1AA2722862B00099029 /* SceneDelegate.swift */,
				6D13C1AE2722862B00099029 /* Main.storyboard */,
				6DB7B81E2723732A0091F841 /* PostCell.swift */,
				6DB7B8192723633C0091F841 /* CameraViewController.swift */,
				6DB7B815272320230091F841 /* LoginViewController.swift */,
				6DB7B8172723203E0091F841 /* FeedViewController.swift */,
				6D13C1B12722862D00099029 /* Assets.xcassets */,
				6D13C1B32722862D00099029 /* LaunchScreen.storyboard */,
				6D13C1B62722862D00099029 /* Info.plist */,
			);
			path = Parstagram;
			sourceTree = "<group>";
		};
		6D13C1BE2722862D00099029 /* ParstagramTests */ = {
			isa = PBXGroup;
			children = (
				6D13C1BF2722862D00099029 /* ParstagramTests.swift */,
				6D13C1C12722862D00099029 /* Info.plist */,
			);
			path = ParstagramTests;
			sourceTree = "<group>";
		};
		6D13C1C92722862D00099029 /* ParstagramUITests */ = {
			isa = PBXGroup;
			children = (
				6D13C1CA2722862D00099029 /* ParstagramUITests.swift */,
				6D13C1CC2722862D00099029 /* Info.plist */,
			);
			path = ParstagramUITests;
			sourceTree = "<group>";
		};
		F8AECAE859FA233B0407E617 /* Pods */ = {
			isa = PBXGroup;
			children = (
				5F2D1EF5D8E9A48FD33C5374 /* Pods-Parstagram.debug.xcconfig */,
				34793CEA73B1DDB8F839AEE8 /* Pods-Parstagram.release.xcconfig */,
				B0DC678B3E63630411628E1E /* Pods-Parstagram-ParstagramUITests.debug.xcconfig */,
				692DD2406EF8999854D06C04 /* Pods-Parstagram-ParstagramUITests.release.xcconfig */,
				001CE413B853E188208CEE0A /* Pods-ParstagramTests.debug.xcconfig */,
				32E07299CFF46618A8CD4886 /* Pods-ParstagramTests.release.xcconfig */,
			);
			path = Pods;
			sourceTree = "<group>";
		};
/* End PBXGroup section */

/* Begin PBXNativeTarget section */
		6D13C1A42722862B00099029 /* Parstagram */ = {
			isa = PBXNativeTarget;
			buildConfigurationList = 6D13C1CF2722862D00099029 /* Build configuration list for PBXNativeTarget "Parstagram" */;
			buildPhases = (
				BCEDE316EE1B26A027E2D499 /* [CP] Check Pods Manifest.lock */,
				6D13C1A12722862B00099029 /* Sources */,
				6D13C1A22722862B00099029 /* Frameworks */,
				6D13C1A32722862B00099029 /* Resources */,
				CFC573CD60F5F84821BBB262 /* [CP] Embed Pods Frameworks */,
			);
			buildRules = (
			);
			dependencies = (
			);
			name = Parstagram;
			packageProductDependencies = (
				6DB7B81C272369AF0091F841 /* AlamofireImage */,
			);
			productName = Parstagram;
			productReference = 6D13C1A52722862B00099029 /* Parstagram.app */;
			productType = "com.apple.product-type.application";
		};
		6D13C1BA2722862D00099029 /* ParstagramTests */ = {
			isa = PBXNativeTarget;
			buildConfigurationList = 6D13C1D22722862D00099029 /* Build configuration list for PBXNativeTarget "ParstagramTests" */;
			buildPhases = (
				1E545F279C2E4A4DD5974B40 /* [CP] Check Pods Manifest.lock */,
				6D13C1B72722862D00099029 /* Sources */,
				6D13C1B82722862D00099029 /* Frameworks */,
				6D13C1B92722862D00099029 /* Resources */,
			);
			buildRules = (
			);
			dependencies = (
				6D13C1BD2722862D00099029 /* PBXTargetDependency */,
			);
			name = ParstagramTests;
			productName = ParstagramTests;
			productReference = 6D13C1BB2722862D00099029 /* ParstagramTests.xctest */;
			productType = "com.apple.product-type.bundle.unit-test";
		};
		6D13C1C52722862D00099029 /* ParstagramUITests */ = {
			isa = PBXNativeTarget;
			buildConfigurationList = 6D13C1D52722862D00099029 /* Build configuration list for PBXNativeTarget "ParstagramUITests" */;
			buildPhases = (
				EC9261D1E3472ECB20129FCC /* [CP] Check Pods Manifest.lock */,
				6D13C1C22722862D00099029 /* Sources */,
				6D13C1C32722862D00099029 /* Frameworks */,
				6D13C1C42722862D00099029 /* Resources */,
				20EED649D3919016B1580CBD /* [CP] Embed Pods Frameworks */,
			);
			buildRules = (
			);
			dependencies = (
				6D13C1C82722862D00099029 /* PBXTargetDependency */,
			);
			name = ParstagramUITests;
			productName = ParstagramUITests;
			productReference = 6D13C1C62722862D00099029 /* ParstagramUITests.xctest */;
			productType = "com.apple.product-type.bundle.ui-testing";
		};
/* End PBXNativeTarget section */

/* Begin PBXProject section */
		6D13C19D2722862B00099029 /* Project object */ = {
			isa = PBXProject;
			attributes = {
				LastSwiftUpdateCheck = 1250;
				LastUpgradeCheck = 1250;
				TargetAttributes = {
					6D13C1A42722862B00099029 = {
						CreatedOnToolsVersion = 12.5.1;
					};
					6D13C1BA2722862D00099029 = {
						CreatedOnToolsVersion = 12.5.1;
						TestTargetID = 6D13C1A42722862B00099029;
					};
					6D13C1C52722862D00099029 = {
						CreatedOnToolsVersion = 12.5.1;
						TestTargetID = 6D13C1A42722862B00099029;
					};
				};
			};
			buildConfigurationList = 6D13C1A02722862B00099029 /* Build configuration list for PBXProject "Parstagram" */;
			compatibilityVersion = "Xcode 9.3";
			developmentRegion = en;
			hasScannedForEncodings = 0;
			knownRegions = (
				en,
				Base,
			);
			mainGroup = 6D13C19C2722862B00099029;
			packageReferences = (
				6DB7B81B272369AF0091F841 /* XCRemoteSwiftPackageReference "AlamofireImage" */,
			);
			productRefGroup = 6D13C1A62722862B00099029 /* Products */;
			projectDirPath = "";
			projectRoot = "";
			targets = (
				6D13C1A42722862B00099029 /* Parstagram */,
				6D13C1BA2722862D00099029 /* ParstagramTests */,
				6D13C1C52722862D00099029 /* ParstagramUITests */,
			);
		};
/* End PBXProject section */

/* Begin PBXResourcesBuildPhase section */
		6D13C1A32722862B00099029 /* Resources */ = {
			isa = PBXResourcesBuildPhase;
			buildActionMask = 2147483647;
			files = (
				6D13C1B52722862D00099029 /* LaunchScreen.storyboard in Resources */,
				6D13C1B22722862D00099029 /* Assets.xcassets in Resources */,
				6D13C1B02722862B00099029 /* Main.storyboard in Resources */,
			);
			runOnlyForDeploymentPostprocessing = 0;
		};
		6D13C1B92722862D00099029 /* Resources */ = {
			isa = PBXResourcesBuildPhase;
			buildActionMask = 2147483647;
			files = (
			);
			runOnlyForDeploymentPostprocessing = 0;
		};
		6D13C1C42722862D00099029 /* Resources */ = {
			isa = PBXResourcesBuildPhase;
			buildActionMask = 2147483647;
			files = (
			);
			runOnlyForDeploymentPostprocessing = 0;
		};
/* End PBXResourcesBuildPhase section */

/* Begin PBXShellScriptBuildPhase section */
		1E545F279C2E4A4DD5974B40 /* [CP] Check Pods Manifest.lock */ = {
			isa = PBXShellScriptBuildPhase;
			buildActionMask = 2147483647;
			files = (
			);
			inputFileListPaths = (
			);
			inputPaths = (
				"${PODS_PODFILE_DIR_PATH}/Podfile.lock",
				"${PODS_ROOT}/Manifest.lock",
			);
			name = "[CP] Check Pods Manifest.lock";
			outputFileListPaths = (
			);
			outputPaths = (
				"$(DERIVED_FILE_DIR)/Pods-ParstagramTests-checkManifestLockResult.txt",
			);
			runOnlyForDeploymentPostprocessing = 0;
			shellPath = /bin/sh;
			shellScript = "diff \"${PODS_PODFILE_DIR_PATH}/Podfile.lock\" \"${PODS_ROOT}/Manifest.lock\" > /dev/null\nif [ $? != 0 ] ; then\n    # print error to STDERR\n    echo \"error: The sandbox is not in sync with the Podfile.lock. Run 'pod install' or update your CocoaPods installation.\" >&2\n    exit 1\nfi\n# This output is used by Xcode 'outputs' to avoid re-running this script phase.\necho \"SUCCESS\" > \"${SCRIPT_OUTPUT_FILE_0}\"\n";
			showEnvVarsInLog = 0;
		};
		20EED649D3919016B1580CBD /* [CP] Embed Pods Frameworks */ = {
			isa = PBXShellScriptBuildPhase;
			buildActionMask = 2147483647;
			files = (
			);
			inputFileListPaths = (
				"${PODS_ROOT}/Target Support Files/Pods-Parstagram-ParstagramUITests/Pods-Parstagram-ParstagramUITests-frameworks-${CONFIGURATION}-input-files.xcfilelist",
			);
			name = "[CP] Embed Pods Frameworks";
			outputFileListPaths = (
				"${PODS_ROOT}/Target Support Files/Pods-Parstagram-ParstagramUITests/Pods-Parstagram-ParstagramUITests-frameworks-${CONFIGURATION}-output-files.xcfilelist",
			);
			runOnlyForDeploymentPostprocessing = 0;
			shellPath = /bin/sh;
			shellScript = "\"${PODS_ROOT}/Target Support Files/Pods-Parstagram-ParstagramUITests/Pods-Parstagram-ParstagramUITests-frameworks.sh\"\n";
			showEnvVarsInLog = 0;
		};
		BCEDE316EE1B26A027E2D499 /* [CP] Check Pods Manifest.lock */ = {
			isa = PBXShellScriptBuildPhase;
			buildActionMask = 2147483647;
			files = (
			);
			inputFileListPaths = (
			);
			inputPaths = (
				"${PODS_PODFILE_DIR_PATH}/Podfile.lock",
				"${PODS_ROOT}/Manifest.lock",
			);
			name = "[CP] Check Pods Manifest.lock";
			outputFileListPaths = (
			);
			outputPaths = (
				"$(DERIVED_FILE_DIR)/Pods-Parstagram-checkManifestLockResult.txt",
			);
			runOnlyForDeploymentPostprocessing = 0;
			shellPath = /bin/sh;
			shellScript = "diff \"${PODS_PODFILE_DIR_PATH}/Podfile.lock\" \"${PODS_ROOT}/Manifest.lock\" > /dev/null\nif [ $? != 0 ] ; then\n    # print error to STDERR\n    echo \"error: The sandbox is not in sync with the Podfile.lock. Run 'pod install' or update your CocoaPods installation.\" >&2\n    exit 1\nfi\n# This output is used by Xcode 'outputs' to avoid re-running this script phase.\necho \"SUCCESS\" > \"${SCRIPT_OUTPUT_FILE_0}\"\n";
			showEnvVarsInLog = 0;
		};
		CFC573CD60F5F84821BBB262 /* [CP] Embed Pods Frameworks */ = {
			isa = PBXShellScriptBuildPhase;
			buildActionMask = 2147483647;
			files = (
			);
			inputFileListPaths = (
				"${PODS_ROOT}/Target Support Files/Pods-Parstagram/Pods-Parstagram-frameworks-${CONFIGURATION}-input-files.xcfilelist",
			);
			name = "[CP] Embed Pods Frameworks";
			outputFileListPaths = (
				"${PODS_ROOT}/Target Support Files/Pods-Parstagram/Pods-Parstagram-frameworks-${CONFIGURATION}-output-files.xcfilelist",
			);
			runOnlyForDeploymentPostprocessing = 0;
			shellPath = /bin/sh;
			shellScript = "\"${PODS_ROOT}/Target Support Files/Pods-Parstagram/Pods-Parstagram-frameworks.sh\"\n";
			showEnvVarsInLog = 0;
		};
		EC9261D1E3472ECB20129FCC /* [CP] Check Pods Manifest.lock */ = {
			isa = PBXShellScriptBuildPhase;
			buildActionMask = 2147483647;
			files = (
			);
			inputFileListPaths = (
			);
			inputPaths = (
				"${PODS_PODFILE_DIR_PATH}/Podfile.lock",
				"${PODS_ROOT}/Manifest.lock",
			);
			name = "[CP] Check Pods Manifest.lock";
			outputFileListPaths = (
			);
			outputPaths = (
				"$(DERIVED_FILE_DIR)/Pods-Parstagram-ParstagramUITests-checkManifestLockResult.txt",
			);
			runOnlyForDeploymentPostprocessing = 0;
			shellPath = /bin/sh;
			shellScript = "diff \"${PODS_PODFILE_DIR_PATH}/Podfile.lock\" \"${PODS_ROOT}/Manifest.lock\" > /dev/null\nif [ $? != 0 ] ; then\n    # print error to STDERR\n    echo \"error: The sandbox is not in sync with the Podfile.lock. Run 'pod install' or update your CocoaPods installation.\" >&2\n    exit 1\nfi\n# This output is used by Xcode 'outputs' to avoid re-running this script phase.\necho \"SUCCESS\" > \"${SCRIPT_OUTPUT_FILE_0}\"\n";
			showEnvVarsInLog = 0;
		};
/* End PBXShellScriptBuildPhase section */

/* Begin PBXSourcesBuildPhase section */
		6D13C1A12722862B00099029 /* Sources */ = {
			isa = PBXSourcesBuildPhase;
			buildActionMask = 2147483647;
			files = (
				6DB7B816272320230091F841 /* LoginViewController.swift in Sources */,
				6DB7B81A2723633C0091F841 /* CameraViewController.swift in Sources */,
				6D13C1A92722862B00099029 /* AppDelegate.swift in Sources */,
				6DB7B8182723203E0091F841 /* FeedViewController.swift in Sources */,
				6D13C1AB2722862B00099029 /* SceneDelegate.swift in Sources */,
				6DB7B81F2723732A0091F841 /* PostCell.swift in Sources */,
			);
			runOnlyForDeploymentPostprocessing = 0;
		};
		6D13C1B72722862D00099029 /* Sources */ = {
			isa = PBXSourcesBuildPhase;
			buildActionMask = 2147483647;
			files = (
				6D13C1C02722862D00099029 /* ParstagramTests.swift in Sources */,
			);
			runOnlyForDeploymentPostprocessing = 0;
		};
		6D13C1C22722862D00099029 /* Sources */ = {
			isa = PBXSourcesBuildPhase;
			buildActionMask = 2147483647;
			files = (
				6D13C1CB2722862D00099029 /* ParstagramUITests.swift in Sources */,
			);
			runOnlyForDeploymentPostprocessing = 0;
		};
/* End PBXSourcesBuildPhase section */

/* Begin PBXTargetDependency section */
		6D13C1BD2722862D00099029 /* PBXTargetDependency */ = {
			isa = PBXTargetDependency;
			target = 6D13C1A42722862B00099029 /* Parstagram */;
			targetProxy = 6D13C1BC2722862D00099029 /* PBXContainerItemProxy */;
		};
		6D13C1C82722862D00099029 /* PBXTargetDependency */ = {
			isa = PBXTargetDependency;
			target = 6D13C1A42722862B00099029 /* Parstagram */;
			targetProxy = 6D13C1C72722862D00099029 /* PBXContainerItemProxy */;
		};
/* End PBXTargetDependency section */

/* Begin PBXVariantGroup section */
		6D13C1AE2722862B00099029 /* Main.storyboard */ = {
			isa = PBXVariantGroup;
			children = (
				6D13C1AF2722862B00099029 /* Base */,
			);
			name = Main.storyboard;
			sourceTree = "<group>";
		};
		6D13C1B32722862D00099029 /* LaunchScreen.storyboard */ = {
			isa = PBXVariantGroup;
			children = (
				6D13C1B42722862D00099029 /* Base */,
			);
			name = LaunchScreen.storyboard;
			sourceTree = "<group>";
		};
/* End PBXVariantGroup section */

/* Begin XCBuildConfiguration section */
		6D13C1CD2722862D00099029 /* Debug */ = {
			isa = XCBuildConfiguration;
			buildSettings = {
				ALWAYS_SEARCH_USER_PATHS = NO;
				CLANG_ANALYZER_NONNULL = YES;
				CLANG_ANALYZER_NUMBER_OBJECT_CONVERSION = YES_AGGRESSIVE;
				CLANG_CXX_LANGUAGE_STANDARD = "gnu++14";
				CLANG_CXX_LIBRARY = "libc++";
				CLANG_ENABLE_MODULES = YES;
				CLANG_ENABLE_OBJC_ARC = YES;
				CLANG_ENABLE_OBJC_WEAK = YES;
				CLANG_WARN_BLOCK_CAPTURE_AUTORELEASING = YES;
				CLANG_WARN_BOOL_CONVERSION = YES;
				CLANG_WARN_COMMA = YES;
				CLANG_WARN_CONSTANT_CONVERSION = YES;
				CLANG_WARN_DEPRECATED_OBJC_IMPLEMENTATIONS = YES;
				CLANG_WARN_DIRECT_OBJC_ISA_USAGE = YES_ERROR;
				CLANG_WARN_DOCUMENTATION_COMMENTS = YES;
				CLANG_WARN_EMPTY_BODY = YES;
				CLANG_WARN_ENUM_CONVERSION = YES;
				CLANG_WARN_INFINITE_RECURSION = YES;
				CLANG_WARN_INT_CONVERSION = YES;
				CLANG_WARN_NON_LITERAL_NULL_CONVERSION = YES;
				CLANG_WARN_OBJC_IMPLICIT_RETAIN_SELF = YES;
				CLANG_WARN_OBJC_LITERAL_CONVERSION = YES;
				CLANG_WARN_OBJC_ROOT_CLASS = YES_ERROR;
				CLANG_WARN_QUOTED_INCLUDE_IN_FRAMEWORK_HEADER = YES;
				CLANG_WARN_RANGE_LOOP_ANALYSIS = YES;
				CLANG_WARN_STRICT_PROTOTYPES = YES;
				CLANG_WARN_SUSPICIOUS_MOVE = YES;
				CLANG_WARN_UNGUARDED_AVAILABILITY = YES_AGGRESSIVE;
				CLANG_WARN_UNREACHABLE_CODE = YES;
				CLANG_WARN__DUPLICATE_METHOD_MATCH = YES;
				COPY_PHASE_STRIP = NO;
				DEBUG_INFORMATION_FORMAT = dwarf;
				ENABLE_STRICT_OBJC_MSGSEND = YES;
				ENABLE_TESTABILITY = YES;
				GCC_C_LANGUAGE_STANDARD = gnu11;
				GCC_DYNAMIC_NO_PIC = NO;
				GCC_NO_COMMON_BLOCKS = YES;
				GCC_OPTIMIZATION_LEVEL = 0;
				GCC_PREPROCESSOR_DEFINITIONS = (
					"DEBUG=1",
					"$(inherited)",
				);
				GCC_WARN_64_TO_32_BIT_CONVERSION = YES;
				GCC_WARN_ABOUT_RETURN_TYPE = YES_ERROR;
				GCC_WARN_UNDECLARED_SELECTOR = YES;
				GCC_WARN_UNINITIALIZED_AUTOS = YES_AGGRESSIVE;
				GCC_WARN_UNUSED_FUNCTION = YES;
				GCC_WARN_UNUSED_VARIABLE = YES;
				IPHONEOS_DEPLOYMENT_TARGET = 14.5;
				MTL_ENABLE_DEBUG_INFO = INCLUDE_SOURCE;
				MTL_FAST_MATH = YES;
				ONLY_ACTIVE_ARCH = YES;
				SDKROOT = iphoneos;
				SWIFT_ACTIVE_COMPILATION_CONDITIONS = DEBUG;
				SWIFT_OPTIMIZATION_LEVEL = "-Onone";
			};
			name = Debug;
		};
		6D13C1CE2722862D00099029 /* Release */ = {
			isa = XCBuildConfiguration;
			buildSettings = {
				ALWAYS_SEARCH_USER_PATHS = NO;
				CLANG_ANALYZER_NONNULL = YES;
				CLANG_ANALYZER_NUMBER_OBJECT_CONVERSION = YES_AGGRESSIVE;
				CLANG_CXX_LANGUAGE_STANDARD = "gnu++14";
				CLANG_CXX_LIBRARY = "libc++";
				CLANG_ENABLE_MODULES = YES;
				CLANG_ENABLE_OBJC_ARC = YES;
				CLANG_ENABLE_OBJC_WEAK = YES;
				CLANG_WARN_BLOCK_CAPTURE_AUTORELEASING = YES;
				CLANG_WARN_BOOL_CONVERSION = YES;
				CLANG_WARN_COMMA = YES;
				CLANG_WARN_CONSTANT_CONVERSION = YES;
				CLANG_WARN_DEPRECATED_OBJC_IMPLEMENTATIONS = YES;
				CLANG_WARN_DIRECT_OBJC_ISA_USAGE = YES_ERROR;
				CLANG_WARN_DOCUMENTATION_COMMENTS = YES;
				CLANG_WARN_EMPTY_BODY = YES;
				CLANG_WARN_ENUM_CONVERSION = YES;
				CLANG_WARN_INFINITE_RECURSION = YES;
				CLANG_WARN_INT_CONVERSION = YES;
				CLANG_WARN_NON_LITERAL_NULL_CONVERSION = YES;
				CLANG_WARN_OBJC_IMPLICIT_RETAIN_SELF = YES;
				CLANG_WARN_OBJC_LITERAL_CONVERSION = YES;
				CLANG_WARN_OBJC_ROOT_CLASS = YES_ERROR;
				CLANG_WARN_QUOTED_INCLUDE_IN_FRAMEWORK_HEADER = YES;
				CLANG_WARN_RANGE_LOOP_ANALYSIS = YES;
				CLANG_WARN_STRICT_PROTOTYPES = YES;
				CLANG_WARN_SUSPICIOUS_MOVE = YES;
				CLANG_WARN_UNGUARDED_AVAILABILITY = YES_AGGRESSIVE;
				CLANG_WARN_UNREACHABLE_CODE = YES;
				CLANG_WARN__DUPLICATE_METHOD_MATCH = YES;
				COPY_PHASE_STRIP = NO;
				DEBUG_INFORMATION_FORMAT = "dwarf-with-dsym";
				ENABLE_NS_ASSERTIONS = NO;
				ENABLE_STRICT_OBJC_MSGSEND = YES;
				GCC_C_LANGUAGE_STANDARD = gnu11;
				GCC_NO_COMMON_BLOCKS = YES;
				GCC_WARN_64_TO_32_BIT_CONVERSION = YES;
				GCC_WARN_ABOUT_RETURN_TYPE = YES_ERROR;
				GCC_WARN_UNDECLARED_SELECTOR = YES;
				GCC_WARN_UNINITIALIZED_AUTOS = YES_AGGRESSIVE;
				GCC_WARN_UNUSED_FUNCTION = YES;
				GCC_WARN_UNUSED_VARIABLE = YES;
				IPHONEOS_DEPLOYMENT_TARGET = 14.5;
				MTL_ENABLE_DEBUG_INFO = NO;
				MTL_FAST_MATH = YES;
				SDKROOT = iphoneos;
				SWIFT_COMPILATION_MODE = wholemodule;
				SWIFT_OPTIMIZATION_LEVEL = "-O";
				VALIDATE_PRODUCT = YES;
			};
			name = Release;
		};
		6D13C1D02722862D00099029 /* Debug */ = {
			isa = XCBuildConfiguration;
			baseConfigurationReference = 5F2D1EF5D8E9A48FD33C5374 /* Pods-Parstagram.debug.xcconfig */;
			buildSettings = {
				ASSETCATALOG_COMPILER_APPICON_NAME = AppIcon;
				ASSETCATALOG_COMPILER_GLOBAL_ACCENT_COLOR_NAME = AccentColor;
				CODE_SIGN_STYLE = Automatic;
				DEVELOPMENT_TEAM = 9LYAGN863K;
				INFOPLIST_FILE = Parstagram/Info.plist;
				LD_RUNPATH_SEARCH_PATHS = (
					"$(inherited)",
					"@executable_path/Frameworks",
				);
				PRODUCT_BUNDLE_IDENTIFIER = com.navidsappleid.Parstagram;
				PRODUCT_NAME = "$(TARGET_NAME)";
				SWIFT_VERSION = 5.0;
				TARGETED_DEVICE_FAMILY = "1,2";
			};
			name = Debug;
		};
		6D13C1D12722862D00099029 /* Release */ = {
			isa = XCBuildConfiguration;
			baseConfigurationReference = 34793CEA73B1DDB8F839AEE8 /* Pods-Parstagram.release.xcconfig */;
			buildSettings = {
				ASSETCATALOG_COMPILER_APPICON_NAME = AppIcon;
				ASSETCATALOG_COMPILER_GLOBAL_ACCENT_COLOR_NAME = AccentColor;
				CODE_SIGN_STYLE = Automatic;
				DEVELOPMENT_TEAM = 9LYAGN863K;
				INFOPLIST_FILE = Parstagram/Info.plist;
				LD_RUNPATH_SEARCH_PATHS = (
					"$(inherited)",
					"@executable_path/Frameworks",
				);
				PRODUCT_BUNDLE_IDENTIFIER = com.navidsappleid.Parstagram;
				PRODUCT_NAME = "$(TARGET_NAME)";
				SWIFT_VERSION = 5.0;
				TARGETED_DEVICE_FAMILY = "1,2";
			};
			name = Release;
		};
		6D13C1D32722862D00099029 /* Debug */ = {
			isa = XCBuildConfiguration;
			baseConfigurationReference = 001CE413B853E188208CEE0A /* Pods-ParstagramTests.debug.xcconfig */;
			buildSettings = {
				ALWAYS_EMBED_SWIFT_STANDARD_LIBRARIES = YES;
				BUNDLE_LOADER = "$(TEST_HOST)";
				CODE_SIGN_STYLE = Automatic;
				DEVELOPMENT_TEAM = 9LYAGN863K;
				INFOPLIST_FILE = ParstagramTests/Info.plist;
				IPHONEOS_DEPLOYMENT_TARGET = 14.5;
				LD_RUNPATH_SEARCH_PATHS = (
					"$(inherited)",
					"@executable_path/Frameworks",
					"@loader_path/Frameworks",
				);
				PRODUCT_BUNDLE_IDENTIFIER = com.navidsappleid.ParstagramTests;
				PRODUCT_NAME = "$(TARGET_NAME)";
				SWIFT_VERSION = 5.0;
				TARGETED_DEVICE_FAMILY = "1,2";
				TEST_HOST = "$(BUILT_PRODUCTS_DIR)/Parstagram.app/Parstagram";
			};
			name = Debug;
		};
		6D13C1D42722862D00099029 /* Release */ = {
			isa = XCBuildConfiguration;
			baseConfigurationReference = 32E07299CFF46618A8CD4886 /* Pods-ParstagramTests.release.xcconfig */;
			buildSettings = {
				ALWAYS_EMBED_SWIFT_STANDARD_LIBRARIES = YES;
				BUNDLE_LOADER = "$(TEST_HOST)";
				CODE_SIGN_STYLE = Automatic;
				DEVELOPMENT_TEAM = 9LYAGN863K;
				INFOPLIST_FILE = ParstagramTests/Info.plist;
				IPHONEOS_DEPLOYMENT_TARGET = 14.5;
				LD_RUNPATH_SEARCH_PATHS = (
					"$(inherited)",
					"@executable_path/Frameworks",
					"@loader_path/Frameworks",
				);
				PRODUCT_BUNDLE_IDENTIFIER = com.navidsappleid.ParstagramTests;
				PRODUCT_NAME = "$(TARGET_NAME)";
				SWIFT_VERSION = 5.0;
				TARGETED_DEVICE_FAMILY = "1,2";
				TEST_HOST = "$(BUILT_PRODUCTS_DIR)/Parstagram.app/Parstagram";
			};
			name = Release;
		};
		6D13C1D62722862D00099029 /* Debug */ = {
			isa = XCBuildConfiguration;
			baseConfigurationReference = B0DC678B3E63630411628E1E /* Pods-Parstagram-ParstagramUITests.debug.xcconfig */;
			buildSettings = {
				ALWAYS_EMBED_SWIFT_STANDARD_LIBRARIES = YES;
				CODE_SIGN_STYLE = Automatic;
				DEVELOPMENT_TEAM = 9LYAGN863K;
				INFOPLIST_FILE = ParstagramUITests/Info.plist;
				LD_RUNPATH_SEARCH_PATHS = (
					"$(inherited)",
					"@executable_path/Frameworks",
					"@loader_path/Frameworks",
				);
				PRODUCT_BUNDLE_IDENTIFIER = com.navidsappleid.ParstagramUITests;
				PRODUCT_NAME = "$(TARGET_NAME)";
				SWIFT_VERSION = 5.0;
				TARGETED_DEVICE_FAMILY = "1,2";
				TEST_TARGET_NAME = Parstagram;
			};
			name = Debug;
		};
		6D13C1D72722862D00099029 /* Release */ = {
			isa = XCBuildConfiguration;
			baseConfigurationReference = 692DD2406EF8999854D06C04 /* Pods-Parstagram-ParstagramUITests.release.xcconfig */;
			buildSettings = {
				ALWAYS_EMBED_SWIFT_STANDARD_LIBRARIES = YES;
				CODE_SIGN_STYLE = Automatic;
				DEVELOPMENT_TEAM = 9LYAGN863K;
				INFOPLIST_FILE = ParstagramUITests/Info.plist;
				LD_RUNPATH_SEARCH_PATHS = (
					"$(inherited)",
					"@executable_path/Frameworks",
					"@loader_path/Frameworks",
				);
				PRODUCT_BUNDLE_IDENTIFIER = com.navidsappleid.ParstagramUITests;
				PRODUCT_NAME = "$(TARGET_NAME)";
				SWIFT_VERSION = 5.0;
				TARGETED_DEVICE_FAMILY = "1,2";
				TEST_TARGET_NAME = Parstagram;
			};
			name = Release;
		};
/* End XCBuildConfiguration section */

/* Begin XCConfigurationList section */
		6D13C1A02722862B00099029 /* Build configuration list for PBXProject "Parstagram" */ = {
			isa = XCConfigurationList;
			buildConfigurations = (
				6D13C1CD2722862D00099029 /* Debug */,
				6D13C1CE2722862D00099029 /* Release */,
			);
			defaultConfigurationIsVisible = 0;
			defaultConfigurationName = Release;
		};
		6D13C1CF2722862D00099029 /* Build configuration list for PBXNativeTarget "Parstagram" */ = {
			isa = XCConfigurationList;
			buildConfigurations = (
				6D13C1D02722862D00099029 /* Debug */,
				6D13C1D12722862D00099029 /* Release */,
			);
			defaultConfigurationIsVisible = 0;
			defaultConfigurationName = Release;
		};
		6D13C1D22722862D00099029 /* Build configuration list for PBXNativeTarget "ParstagramTests" */ = {
			isa = XCConfigurationList;
			buildConfigurations = (
				6D13C1D32722862D00099029 /* Debug */,
				6D13C1D42722862D00099029 /* Release */,
			);
			defaultConfigurationIsVisible = 0;
			defaultConfigurationName = Release;
		};
		6D13C1D52722862D00099029 /* Build configuration list for PBXNativeTarget "ParstagramUITests" */ = {
			isa = XCConfigurationList;
			buildConfigurations = (
				6D13C1D62722862D00099029 /* Debug */,
				6D13C1D72722862D00099029 /* Release */,
			);
			defaultConfigurationIsVisible = 0;
			defaultConfigurationName = Release;
		};
/* End XCConfigurationList section */

/* Begin XCRemoteSwiftPackageReference section */
		6DB7B81B272369AF0091F841 /* XCRemoteSwiftPackageReference "AlamofireImage" */ = {
			isa = XCRemoteSwiftPackageReference;
			repositoryURL = "https://github.com/Alamofire/AlamofireImage";
			requirement = {
				kind = upToNextMajorVersion;
				minimumVersion = 4.2.0;
			};
		};
/* End XCRemoteSwiftPackageReference section */

/* Begin XCSwiftPackageProductDependency section */
		6DB7B81C272369AF0091F841 /* AlamofireImage */ = {
			isa = XCSwiftPackageProductDependency;
			package = 6DB7B81B272369AF0091F841 /* XCRemoteSwiftPackageReference "AlamofireImage" */;
			productName = AlamofireImage;
		};
/* End XCSwiftPackageProductDependency section */
	};
	rootObject = 6D13C19D2722862B00099029 /* Project object */;
}
